// !$*UTF8*$!
{
	archiveVersion = 1;
	classes = {
	};
	objectVersion = 48;
	objects = {

/* Begin PBXBuildFile section */
		9F83820E1F7928550034FF46 /* GymAnnotation.swift in Sources */ = {isa = PBXBuildFile; fileRef = 9F83820D1F7928550034FF46 /* GymAnnotation.swift */; };
		9F8382101F7928D60034FF46 /* GymAnnotationView.swift in Sources */ = {isa = PBXBuildFile; fileRef = 9F83820F1F7928D60034FF46 /* GymAnnotationView.swift */; };
		9FACA47E1F7AC80700EF63D5 /* GymListPopoverViewController.swift in Sources */ = {isa = PBXBuildFile; fileRef = 9FACA47D1F7AC80700EF63D5 /* GymListPopoverViewController.swift */; };
		9FACA4811F7ACE8B00EF63D5 /* MapItem.swift in Sources */ = {isa = PBXBuildFile; fileRef = 9FACA4801F7ACE8B00EF63D5 /* MapItem.swift */; };
		9FACA4831F7ACED400EF63D5 /* GymModel.swift in Sources */ = {isa = PBXBuildFile; fileRef = 9FACA4821F7ACED400EF63D5 /* GymModel.swift */; };
		9FFE67EE1F78FB1400543239 /* AppDelegate.swift in Sources */ = {isa = PBXBuildFile; fileRef = 9FFE67ED1F78FB1400543239 /* AppDelegate.swift */; };
		9FFE67F01F78FB1400543239 /* ViewController.swift in Sources */ = {isa = PBXBuildFile; fileRef = 9FFE67EF1F78FB1400543239 /* ViewController.swift */; };
		9FFE67F31F78FB1400543239 /* Main.storyboard in Resources */ = {isa = PBXBuildFile; fileRef = 9FFE67F11F78FB1400543239 /* Main.storyboard */; };
		9FFE67F51F78FB1400543239 /* Assets.xcassets in Resources */ = {isa = PBXBuildFile; fileRef = 9FFE67F41F78FB1400543239 /* Assets.xcassets */; };
		9FFE67F81F78FB1400543239 /* LaunchScreen.storyboard in Resources */ = {isa = PBXBuildFile; fileRef = 9FFE67F61F78FB1400543239 /* LaunchScreen.storyboard */; };
		9FFE68031F78FB1400543239 /* SportogramTests.swift in Sources */ = {isa = PBXBuildFile; fileRef = 9FFE68021F78FB1400543239 /* SportogramTests.swift */; };
		9FFE680E1F78FB1400543239 /* SportogramUITests.swift in Sources */ = {isa = PBXBuildFile; fileRef = 9FFE680D1F78FB1400543239 /* SportogramUITests.swift */; };
		9FFE681D1F78FBD700543239 /* MapViewController.swift in Sources */ = {isa = PBXBuildFile; fileRef = 9FFE681C1F78FBD700543239 /* MapViewController.swift */; };
/* End PBXBuildFile section */

/* Begin PBXContainerItemProxy section */
		9FFE67FF1F78FB1400543239 /* PBXContainerItemProxy */ = {
			isa = PBXContainerItemProxy;
			containerPortal = 9FFE67E21F78FB1400543239 /* Project object */;
			proxyType = 1;
			remoteGlobalIDString = 9FFE67E91F78FB1400543239;
			remoteInfo = Sportogram;
		};
		9FFE680A1F78FB1400543239 /* PBXContainerItemProxy */ = {
			isa = PBXContainerItemProxy;
			containerPortal = 9FFE67E21F78FB1400543239 /* Project object */;
			proxyType = 1;
			remoteGlobalIDString = 9FFE67E91F78FB1400543239;
			remoteInfo = Sportogram;
		};
/* End PBXContainerItemProxy section */

/* Begin PBXFileReference section */
		9F83820D1F7928550034FF46 /* GymAnnotation.swift */ = {isa = PBXFileReference; lastKnownFileType = sourcecode.swift; path = GymAnnotation.swift; sourceTree = "<group>"; };
		9F83820F1F7928D60034FF46 /* GymAnnotationView.swift */ = {isa = PBXFileReference; lastKnownFileType = sourcecode.swift; path = GymAnnotationView.swift; sourceTree = "<group>"; };
		9FACA47D1F7AC80700EF63D5 /* GymListPopoverViewController.swift */ = {isa = PBXFileReference; lastKnownFileType = sourcecode.swift; path = GymListPopoverViewController.swift; sourceTree = "<group>"; };
		9FACA4801F7ACE8B00EF63D5 /* MapItem.swift */ = {isa = PBXFileReference; lastKnownFileType = sourcecode.swift; path = MapItem.swift; sourceTree = "<group>"; };
		9FACA4821F7ACED400EF63D5 /* GymModel.swift */ = {isa = PBXFileReference; lastKnownFileType = sourcecode.swift; path = GymModel.swift; sourceTree = "<group>"; };
		9FFE67EA1F78FB1400543239 /* Sportogram.app */ = {isa = PBXFileReference; explicitFileType = wrapper.application; includeInIndex = 0; path = Sportogram.app; sourceTree = BUILT_PRODUCTS_DIR; };
		9FFE67ED1F78FB1400543239 /* AppDelegate.swift */ = {isa = PBXFileReference; lastKnownFileType = sourcecode.swift; path = AppDelegate.swift; sourceTree = "<group>"; };
		9FFE67EF1F78FB1400543239 /* ViewController.swift */ = {isa = PBXFileReference; lastKnownFileType = sourcecode.swift; path = ViewController.swift; sourceTree = "<group>"; };
		9FFE67F21F78FB1400543239 /* Base */ = {isa = PBXFileReference; lastKnownFileType = file.storyboard; name = Base; path = Base.lproj/Main.storyboard; sourceTree = "<group>"; };
		9FFE67F41F78FB1400543239 /* Assets.xcassets */ = {isa = PBXFileReference; lastKnownFileType = folder.assetcatalog; path = Assets.xcassets; sourceTree = "<group>"; };
		9FFE67F71F78FB1400543239 /* Base */ = {isa = PBXFileReference; lastKnownFileType = file.storyboard; name = Base; path = Base.lproj/LaunchScreen.storyboard; sourceTree = "<group>"; };
		9FFE67F91F78FB1400543239 /* Info.plist */ = {isa = PBXFileReference; lastKnownFileType = text.plist.xml; path = Info.plist; sourceTree = "<group>"; };
		9FFE67FE1F78FB1400543239 /* SportogramTests.xctest */ = {isa = PBXFileReference; explicitFileType = wrapper.cfbundle; includeInIndex = 0; path = SportogramTests.xctest; sourceTree = BUILT_PRODUCTS_DIR; };
		9FFE68021F78FB1400543239 /* SportogramTests.swift */ = {isa = PBXFileReference; lastKnownFileType = sourcecode.swift; path = SportogramTests.swift; sourceTree = "<group>"; };
		9FFE68041F78FB1400543239 /* Info.plist */ = {isa = PBXFileReference; lastKnownFileType = text.plist.xml; path = Info.plist; sourceTree = "<group>"; };
		9FFE68091F78FB1400543239 /* SportogramUITests.xctest */ = {isa = PBXFileReference; explicitFileType = wrapper.cfbundle; includeInIndex = 0; path = SportogramUITests.xctest; sourceTree = BUILT_PRODUCTS_DIR; };
		9FFE680D1F78FB1400543239 /* SportogramUITests.swift */ = {isa = PBXFileReference; lastKnownFileType = sourcecode.swift; path = SportogramUITests.swift; sourceTree = "<group>"; };
		9FFE680F1F78FB1400543239 /* Info.plist */ = {isa = PBXFileReference; lastKnownFileType = text.plist.xml; path = Info.plist; sourceTree = "<group>"; };
		9FFE681C1F78FBD700543239 /* MapViewController.swift */ = {isa = PBXFileReference; lastKnownFileType = sourcecode.swift; path = MapViewController.swift; sourceTree = "<group>"; };
/* End PBXFileReference section */

/* Begin PBXFrameworksBuildPhase section */
		9FFE67E71F78FB1400543239 /* Frameworks */ = {
			isa = PBXFrameworksBuildPhase;
			buildActionMask = 2147483647;
			files = (
			);
			runOnlyForDeploymentPostprocessing = 0;
		};
		9FFE67FB1F78FB1400543239 /* Frameworks */ = {
			isa = PBXFrameworksBuildPhase;
			buildActionMask = 2147483647;
			files = (
			);
			runOnlyForDeploymentPostprocessing = 0;
		};
		9FFE68061F78FB1400543239 /* Frameworks */ = {
			isa = PBXFrameworksBuildPhase;
			buildActionMask = 2147483647;
			files = (
			);
			runOnlyForDeploymentPostprocessing = 0;
		};
/* End PBXFrameworksBuildPhase section */

/* Begin PBXGroup section */
		9F8382081F7920130034FF46 /* Storyboards */ = {
			isa = PBXGroup;
			children = (
				9FFE67F11F78FB1400543239 /* Main.storyboard */,
			);
			path = Storyboards;
			sourceTree = "<group>";
		};
		9F8382091F7922560034FF46 /* Supporting Files */ = {
			isa = PBXGroup;
			children = (
				9FFE67ED1F78FB1400543239 /* AppDelegate.swift */,
				9FFE67F41F78FB1400543239 /* Assets.xcassets */,
				9FFE67F61F78FB1400543239 /* LaunchScreen.storyboard */,
				9FFE67F91F78FB1400543239 /* Info.plist */,
			);
			name = "Supporting Files";
			sourceTree = "<group>";
		};
		9F83820B1F7928380034FF46 /* Classes */ = {
			isa = PBXGroup;
			children = (
				9FACA47F1F7ACE7E00EF63D5 /* Model */,
				9F83820C1F7928440034FF46 /* Map */,
			);
			path = Classes;
			sourceTree = "<group>";
		};
		9F83820C1F7928440034FF46 /* Map */ = {
			isa = PBXGroup;
			children = (
				9F83820D1F7928550034FF46 /* GymAnnotation.swift */,
				9F83820F1F7928D60034FF46 /* GymAnnotationView.swift */,
			);
			path = Map;
			sourceTree = "<group>";
		};
		9F8382111F792DE20034FF46 /* Views */ = {
			isa = PBXGroup;
			children = (
			);
			path = Views;
			sourceTree = "<group>";
		};
		9FACA47F1F7ACE7E00EF63D5 /* Model */ = {
			isa = PBXGroup;
			children = (
				9FACA4801F7ACE8B00EF63D5 /* MapItem.swift */,
				9FACA4821F7ACED400EF63D5 /* GymModel.swift */,
			);
			path = Model;
			sourceTree = "<group>";
		};
		9FFE67E11F78FB1400543239 = {
			isa = PBXGroup;
			children = (
				9FFE67EC1F78FB1400543239 /* Sportogram */,
				9FFE68011F78FB1400543239 /* SportogramTests */,
				9FFE680C1F78FB1400543239 /* SportogramUITests */,
				9FFE67EB1F78FB1400543239 /* Products */,
			);
			sourceTree = "<group>";
		};
		9FFE67EB1F78FB1400543239 /* Products */ = {
			isa = PBXGroup;
			children = (
				9FFE67EA1F78FB1400543239 /* Sportogram.app */,
				9FFE67FE1F78FB1400543239 /* SportogramTests.xctest */,
				9FFE68091F78FB1400543239 /* SportogramUITests.xctest */,
			);
			name = Products;
			sourceTree = "<group>";
		};
		9FFE67EC1F78FB1400543239 /* Sportogram */ = {
			isa = PBXGroup;
			children = (
				9F8382111F792DE20034FF46 /* Views */,
				9F83820B1F7928380034FF46 /* Classes */,
				9F8382091F7922560034FF46 /* Supporting Files */,
				9FFE681B1F78FBBE00543239 /* ViewControllers */,
				9F8382081F7920130034FF46 /* Storyboards */,
			);
			path = Sportogram;
			sourceTree = "<group>";
		};
		9FFE68011F78FB1400543239 /* SportogramTests */ = {
			isa = PBXGroup;
			children = (
				9FFE68021F78FB1400543239 /* SportogramTests.swift */,
				9FFE68041F78FB1400543239 /* Info.plist */,
			);
			path = SportogramTests;
			sourceTree = "<group>";
		};
		9FFE680C1F78FB1400543239 /* SportogramUITests */ = {
			isa = PBXGroup;
			children = (
				9FFE680D1F78FB1400543239 /* SportogramUITests.swift */,
				9FFE680F1F78FB1400543239 /* Info.plist */,
			);
			path = SportogramUITests;
			sourceTree = "<group>";
		};
		9FFE681B1F78FBBE00543239 /* ViewControllers */ = {
			isa = PBXGroup;
			children = (
				9FFE67EF1F78FB1400543239 /* ViewController.swift */,
				9FFE681C1F78FBD700543239 /* MapViewController.swift */,
				9FACA47D1F7AC80700EF63D5 /* GymListPopoverViewController.swift */,
			);
			path = ViewControllers;
			sourceTree = "<group>";
		};
/* End PBXGroup section */

/* Begin PBXNativeTarget section */
		9FFE67E91F78FB1400543239 /* Sportogram */ = {
			isa = PBXNativeTarget;
			buildConfigurationList = 9FFE68121F78FB1400543239 /* Build configuration list for PBXNativeTarget "Sportogram" */;
			buildPhases = (
				9FFE67E61F78FB1400543239 /* Sources */,
				9FFE67E71F78FB1400543239 /* Frameworks */,
				9FFE67E81F78FB1400543239 /* Resources */,
			);
			buildRules = (
			);
			dependencies = (
			);
			name = Sportogram;
			productName = Sportogram;
			productReference = 9FFE67EA1F78FB1400543239 /* Sportogram.app */;
			productType = "com.apple.product-type.application";
		};
		9FFE67FD1F78FB1400543239 /* SportogramTests */ = {
			isa = PBXNativeTarget;
			buildConfigurationList = 9FFE68151F78FB1400543239 /* Build configuration list for PBXNativeTarget "SportogramTests" */;
			buildPhases = (
				9FFE67FA1F78FB1400543239 /* Sources */,
				9FFE67FB1F78FB1400543239 /* Frameworks */,
				9FFE67FC1F78FB1400543239 /* Resources */,
			);
			buildRules = (
			);
			dependencies = (
				9FFE68001F78FB1400543239 /* PBXTargetDependency */,
			);
			name = SportogramTests;
			productName = SportogramTests;
			productReference = 9FFE67FE1F78FB1400543239 /* SportogramTests.xctest */;
			productType = "com.apple.product-type.bundle.unit-test";
		};
		9FFE68081F78FB1400543239 /* SportogramUITests */ = {
			isa = PBXNativeTarget;
			buildConfigurationList = 9FFE68181F78FB1400543239 /* Build configuration list for PBXNativeTarget "SportogramUITests" */;
			buildPhases = (
				9FFE68051F78FB1400543239 /* Sources */,
				9FFE68061F78FB1400543239 /* Frameworks */,
				9FFE68071F78FB1400543239 /* Resources */,
			);
			buildRules = (
			);
			dependencies = (
				9FFE680B1F78FB1400543239 /* PBXTargetDependency */,
			);
			name = SportogramUITests;
			productName = SportogramUITests;
			productReference = 9FFE68091F78FB1400543239 /* SportogramUITests.xctest */;
			productType = "com.apple.product-type.bundle.ui-testing";
		};
/* End PBXNativeTarget section */

/* Begin PBXProject section */
		9FFE67E21F78FB1400543239 /* Project object */ = {
			isa = PBXProject;
			attributes = {
				LastSwiftUpdateCheck = 0900;
				LastUpgradeCheck = 0900;
				ORGANIZATIONNAME = "Hasan Akniyev";
				TargetAttributes = {
					9FFE67E91F78FB1400543239 = {
						CreatedOnToolsVersion = 9.0;
						ProvisioningStyle = Automatic;
					};
					9FFE67FD1F78FB1400543239 = {
						CreatedOnToolsVersion = 9.0;
						ProvisioningStyle = Automatic;
						TestTargetID = 9FFE67E91F78FB1400543239;
					};
					9FFE68081F78FB1400543239 = {
						CreatedOnToolsVersion = 9.0;
						ProvisioningStyle = Automatic;
						TestTargetID = 9FFE67E91F78FB1400543239;
					};
				};
			};
			buildConfigurationList = 9FFE67E51F78FB1400543239 /* Build configuration list for PBXProject "Sportogram" */;
			compatibilityVersion = "Xcode 8.0";
			developmentRegion = en;
			hasScannedForEncodings = 0;
			knownRegions = (
				en,
				Base,
			);
			mainGroup = 9FFE67E11F78FB1400543239;
			productRefGroup = 9FFE67EB1F78FB1400543239 /* Products */;
			projectDirPath = "";
			projectRoot = "";
			targets = (
				9FFE67E91F78FB1400543239 /* Sportogram */,
				9FFE67FD1F78FB1400543239 /* SportogramTests */,
				9FFE68081F78FB1400543239 /* SportogramUITests */,
			);
		};
/* End PBXProject section */

/* Begin PBXResourcesBuildPhase section */
		9FFE67E81F78FB1400543239 /* Resources */ = {
			isa = PBXResourcesBuildPhase;
			buildActionMask = 2147483647;
			files = (
				9FFE67F81F78FB1400543239 /* LaunchScreen.storyboard in Resources */,
				9FFE67F51F78FB1400543239 /* Assets.xcassets in Resources */,
				9FFE67F31F78FB1400543239 /* Main.storyboard in Resources */,
			);
			runOnlyForDeploymentPostprocessing = 0;
		};
		9FFE67FC1F78FB1400543239 /* Resources */ = {
			isa = PBXResourcesBuildPhase;
			buildActionMask = 2147483647;
			files = (
			);
			runOnlyForDeploymentPostprocessing = 0;
		};
		9FFE68071F78FB1400543239 /* Resources */ = {
			isa = PBXResourcesBuildPhase;
			buildActionMask = 2147483647;
			files = (
			);
			runOnlyForDeploymentPostprocessing = 0;
		};
/* End PBXResourcesBuildPhase section */

/* Begin PBXSourcesBuildPhase section */
		9FFE67E61F78FB1400543239 /* Sources */ = {
			isa = PBXSourcesBuildPhase;
			buildActionMask = 2147483647;
			files = (
				9FACA47E1F7AC80700EF63D5 /* GymListPopoverViewController.swift in Sources */,
				9FFE67F01F78FB1400543239 /* ViewController.swift in Sources */,
				9FFE681D1F78FBD700543239 /* MapViewController.swift in Sources */,
				9F83820E1F7928550034FF46 /* GymAnnotation.swift in Sources */,
				9F8382101F7928D60034FF46 /* GymAnnotationView.swift in Sources */,
				9FFE67EE1F78FB1400543239 /* AppDelegate.swift in Sources */,
				9FACA4811F7ACE8B00EF63D5 /* MapItem.swift in Sources */,
				9FACA4831F7ACED400EF63D5 /* GymModel.swift in Sources */,
			);
			runOnlyForDeploymentPostprocessing = 0;
		};
		9FFE67FA1F78FB1400543239 /* Sources */ = {
			isa = PBXSourcesBuildPhase;
			buildActionMask = 2147483647;
			files = (
				9FFE68031F78FB1400543239 /* SportogramTests.swift in Sources */,
			);
			runOnlyForDeploymentPostprocessing = 0;
		};
		9FFE68051F78FB1400543239 /* Sources */ = {
			isa = PBXSourcesBuildPhase;
			buildActionMask = 2147483647;
			files = (
				9FFE680E1F78FB1400543239 /* SportogramUITests.swift in Sources */,
			);
			runOnlyForDeploymentPostprocessing = 0;
		};
/* End PBXSourcesBuildPhase section */

/* Begin PBXTargetDependency section */
		9FFE68001F78FB1400543239 /* PBXTargetDependency */ = {
			isa = PBXTargetDependency;
			target = 9FFE67E91F78FB1400543239 /* Sportogram */;
			targetProxy = 9FFE67FF1F78FB1400543239 /* PBXContainerItemProxy */;
		};
		9FFE680B1F78FB1400543239 /* PBXTargetDependency */ = {
			isa = PBXTargetDependency;
			target = 9FFE67E91F78FB1400543239 /* Sportogram */;
			targetProxy = 9FFE680A1F78FB1400543239 /* PBXContainerItemProxy */;
		};
/* End PBXTargetDependency section */

/* Begin PBXVariantGroup section */
		9FFE67F11F78FB1400543239 /* Main.storyboard */ = {
			isa = PBXVariantGroup;
			children = (
				9FFE67F21F78FB1400543239 /* Base */,
			);
			name = Main.storyboard;
			sourceTree = "<group>";
		};
		9FFE67F61F78FB1400543239 /* LaunchScreen.storyboard */ = {
			isa = PBXVariantGroup;
			children = (
				9FFE67F71F78FB1400543239 /* Base */,
			);
			name = LaunchScreen.storyboard;
			sourceTree = "<group>";
		};
/* End PBXVariantGroup section */

/* Begin XCBuildConfiguration section */
		9FFE68101F78FB1400543239 /* Debug */ = {
			isa = XCBuildConfiguration;
			buildSettings = {
				ALWAYS_SEARCH_USER_PATHS = NO;
				CLANG_ANALYZER_NONNULL = YES;
				CLANG_ANALYZER_NUMBER_OBJECT_CONVERSION = YES_AGGRESSIVE;
				CLANG_CXX_LANGUAGE_STANDARD = "gnu++14";
				CLANG_CXX_LIBRARY = "libc++";
				CLANG_ENABLE_MODULES = YES;
				CLANG_ENABLE_OBJC_ARC = YES;
				CLANG_WARN_BLOCK_CAPTURE_AUTORELEASING = YES;
				CLANG_WARN_BOOL_CONVERSION = YES;
				CLANG_WARN_COMMA = YES;
				CLANG_WARN_CONSTANT_CONVERSION = YES;
				CLANG_WARN_DIRECT_OBJC_ISA_USAGE = YES_ERROR;
				CLANG_WARN_DOCUMENTATION_COMMENTS = YES;
				CLANG_WARN_EMPTY_BODY = YES;
				CLANG_WARN_ENUM_CONVERSION = YES;
				CLANG_WARN_INFINITE_RECURSION = YES;
				CLANG_WARN_INT_CONVERSION = YES;
				CLANG_WARN_NON_LITERAL_NULL_CONVERSION = YES;
				CLANG_WARN_OBJC_LITERAL_CONVERSION = YES;
				CLANG_WARN_OBJC_ROOT_CLASS = YES_ERROR;
				CLANG_WARN_RANGE_LOOP_ANALYSIS = YES;
				CLANG_WARN_STRICT_PROTOTYPES = YES;
				CLANG_WARN_SUSPICIOUS_MOVE = YES;
				CLANG_WARN_UNGUARDED_AVAILABILITY = YES_AGGRESSIVE;
				CLANG_WARN_UNREACHABLE_CODE = YES;
				CLANG_WARN__DUPLICATE_METHOD_MATCH = YES;
				CODE_SIGN_IDENTITY = "iPhone Developer";
				COPY_PHASE_STRIP = NO;
				DEBUG_INFORMATION_FORMAT = dwarf;
				ENABLE_STRICT_OBJC_MSGSEND = YES;
				ENABLE_TESTABILITY = YES;
				GCC_C_LANGUAGE_STANDARD = gnu11;
				GCC_DYNAMIC_NO_PIC = NO;
				GCC_NO_COMMON_BLOCKS = YES;
				GCC_OPTIMIZATION_LEVEL = 0;
				GCC_PREPROCESSOR_DEFINITIONS = (
					"DEBUG=1",
					"$(inherited)",
				);
				GCC_WARN_64_TO_32_BIT_CONVERSION = YES;
				GCC_WARN_ABOUT_RETURN_TYPE = YES_ERROR;
				GCC_WARN_UNDECLARED_SELECTOR = YES;
				GCC_WARN_UNINITIALIZED_AUTOS = YES_AGGRESSIVE;
				GCC_WARN_UNUSED_FUNCTION = YES;
				GCC_WARN_UNUSED_VARIABLE = YES;
				IPHONEOS_DEPLOYMENT_TARGET = 11.0;
				MTL_ENABLE_DEBUG_INFO = YES;
				ONLY_ACTIVE_ARCH = YES;
				SDKROOT = iphoneos;
				SWIFT_ACTIVE_COMPILATION_CONDITIONS = DEBUG;
				SWIFT_OPTIMIZATION_LEVEL = "-Onone";
			};
			name = Debug;
		};
		9FFE68111F78FB1400543239 /* Release */ = {
			isa = XCBuildConfiguration;
			buildSettings = {
				ALWAYS_SEARCH_USER_PATHS = NO;
				CLANG_ANALYZER_NONNULL = YES;
				CLANG_ANALYZER_NUMBER_OBJECT_CONVERSION = YES_AGGRESSIVE;
				CLANG_CXX_LANGUAGE_STANDARD = "gnu++14";
				CLANG_CXX_LIBRARY = "libc++";
				CLANG_ENABLE_MODULES = YES;
				CLANG_ENABLE_OBJC_ARC = YES;
				CLANG_WARN_BLOCK_CAPTURE_AUTORELEASING = YES;
				CLANG_WARN_BOOL_CONVERSION = YES;
				CLANG_WARN_COMMA = YES;
				CLANG_WARN_CONSTANT_CONVERSION = YES;
				CLANG_WARN_DIRECT_OBJC_ISA_USAGE = YES_ERROR;
				CLANG_WARN_DOCUMENTATION_COMMENTS = YES;
				CLANG_WARN_EMPTY_BODY = YES;
				CLANG_WARN_ENUM_CONVERSION = YES;
				CLANG_WARN_INFINITE_RECURSION = YES;
				CLANG_WARN_INT_CONVERSION = YES;
				CLANG_WARN_NON_LITERAL_NULL_CONVERSION = YES;
				CLANG_WARN_OBJC_LITERAL_CONVERSION = YES;
				CLANG_WARN_OBJC_ROOT_CLASS = YES_ERROR;
				CLANG_WARN_RANGE_LOOP_ANALYSIS = YES;
				CLANG_WARN_STRICT_PROTOTYPES = YES;
				CLANG_WARN_SUSPICIOUS_MOVE = YES;
				CLANG_WARN_UNGUARDED_AVAILABILITY = YES_AGGRESSIVE;
				CLANG_WARN_UNREACHABLE_CODE = YES;
				CLANG_WARN__DUPLICATE_METHOD_MATCH = YES;
				CODE_SIGN_IDENTITY = "iPhone Developer";
				COPY_PHASE_STRIP = NO;
				DEBUG_INFORMATION_FORMAT = "dwarf-with-dsym";
				ENABLE_NS_ASSERTIONS = NO;
				ENABLE_STRICT_OBJC_MSGSEND = YES;
				GCC_C_LANGUAGE_STANDARD = gnu11;
				GCC_NO_COMMON_BLOCKS = YES;
				GCC_WARN_64_TO_32_BIT_CONVERSION = YES;
				GCC_WARN_ABOUT_RETURN_TYPE = YES_ERROR;
				GCC_WARN_UNDECLARED_SELECTOR = YES;
				GCC_WARN_UNINITIALIZED_AUTOS = YES_AGGRESSIVE;
				GCC_WARN_UNUSED_FUNCTION = YES;
				GCC_WARN_UNUSED_VARIABLE = YES;
				IPHONEOS_DEPLOYMENT_TARGET = 11.0;
				MTL_ENABLE_DEBUG_INFO = NO;
				SDKROOT = iphoneos;
				SWIFT_OPTIMIZATION_LEVEL = "-Owholemodule";
				VALIDATE_PRODUCT = YES;
			};
			name = Release;
		};
		9FFE68131F78FB1400543239 /* Debug */ = {
			isa = XCBuildConfiguration;
			buildSettings = {
				ASSETCATALOG_COMPILER_APPICON_NAME = AppIcon;
				CODE_SIGN_STYLE = Automatic;
				INFOPLIST_FILE = Sportogram/Info.plist;
				IPHONEOS_DEPLOYMENT_TARGET = 10.0;
				LD_RUNPATH_SEARCH_PATHS = "$(inherited) @executable_path/Frameworks";
				PRODUCT_BUNDLE_IDENTIFIER = "com.sportogram.sportogram-ios.Sportogram";
				PRODUCT_NAME = "$(TARGET_NAME)";
				SWIFT_VERSION = 4.0;
				TARGETED_DEVICE_FAMILY = 1;
			};
			name = Debug;
		};
		9FFE68141F78FB1400543239 /* Release */ = {
			isa = XCBuildConfiguration;
			buildSettings = {
				ASSETCATALOG_COMPILER_APPICON_NAME = AppIcon;
				CODE_SIGN_STYLE = Automatic;
				INFOPLIST_FILE = Sportogram/Info.plist;
				IPHONEOS_DEPLOYMENT_TARGET = 10.0;
				LD_RUNPATH_SEARCH_PATHS = "$(inherited) @executable_path/Frameworks";
				PRODUCT_BUNDLE_IDENTIFIER = "com.sportogram.sportogram-ios.Sportogram";
				PRODUCT_NAME = "$(TARGET_NAME)";
				SWIFT_VERSION = 4.0;
				TARGETED_DEVICE_FAMILY = 1;
			};
			name = Release;
		};
		9FFE68161F78FB1400543239 /* Debug */ = {
			isa = XCBuildConfiguration;
			buildSettings = {
				ALWAYS_EMBED_SWIFT_STANDARD_LIBRARIES = YES;
				BUNDLE_LOADER = "$(TEST_HOST)";
				CODE_SIGN_STYLE = Automatic;
				INFOPLIST_FILE = SportogramTests/Info.plist;
				LD_RUNPATH_SEARCH_PATHS = "$(inherited) @executable_path/Frameworks @loader_path/Frameworks";
				PRODUCT_BUNDLE_IDENTIFIER = "com.sportogram.sportogram-ios.SportogramTests";
				PRODUCT_NAME = "$(TARGET_NAME)";
				SWIFT_VERSION = 4.0;
				TARGETED_DEVICE_FAMILY = "1,2";
				TEST_HOST = "$(BUILT_PRODUCTS_DIR)/Sportogram.app/Sportogram";
			};
			name = Debug;
		};
		9FFE68171F78FB1400543239 /* Release */ = {
			isa = XCBuildConfiguration;
			buildSettings = {
				ALWAYS_EMBED_SWIFT_STANDARD_LIBRARIES = YES;
				BUNDLE_LOADER = "$(TEST_HOST)";
				CODE_SIGN_STYLE = Automatic;
				INFOPLIST_FILE = SportogramTests/Info.plist;
				LD_RUNPATH_SEARCH_PATHS = "$(inherited) @executable_path/Frameworks @loader_path/Frameworks";
				PRODUCT_BUNDLE_IDENTIFIER = "com.sportogram.sportogram-ios.SportogramTests";
				PRODUCT_NAME = "$(TARGET_NAME)";
				SWIFT_VERSION = 4.0;
				TARGETED_DEVICE_FAMILY = "1,2";
				TEST_HOST = "$(BUILT_PRODUCTS_DIR)/Sportogram.app/Sportogram";
			};
			name = Release;
		};
		9FFE68191F78FB1400543239 /* Debug */ = {
			isa = XCBuildConfiguration;
			buildSettings = {
				ALWAYS_EMBED_SWIFT_STANDARD_LIBRARIES = YES;
				CODE_SIGN_STYLE = Automatic;
				INFOPLIST_FILE = SportogramUITests/Info.plist;
				LD_RUNPATH_SEARCH_PATHS = "$(inherited) @executable_path/Frameworks @loader_path/Frameworks";
				PRODUCT_BUNDLE_IDENTIFIER = "com.sportogram.sportogram-ios.SportogramUITests";
				PRODUCT_NAME = "$(TARGET_NAME)";
				SWIFT_VERSION = 4.0;
				TARGETED_DEVICE_FAMILY = "1,2";
				TEST_TARGET_NAME = Sportogram;
			};
			name = Debug;
		};
		9FFE681A1F78FB1400543239 /* Release */ = {
			isa = XCBuildConfiguration;
			buildSettings = {
				ALWAYS_EMBED_SWIFT_STANDARD_LIBRARIES = YES;
				CODE_SIGN_STYLE = Automatic;
				INFOPLIST_FILE = SportogramUITests/Info.plist;
				LD_RUNPATH_SEARCH_PATHS = "$(inherited) @executable_path/Frameworks @loader_path/Frameworks";
				PRODUCT_BUNDLE_IDENTIFIER = "com.sportogram.sportogram-ios.SportogramUITests";
				PRODUCT_NAME = "$(TARGET_NAME)";
				SWIFT_VERSION = 4.0;
				TARGETED_DEVICE_FAMILY = "1,2";
				TEST_TARGET_NAME = Sportogram;
			};
			name = Release;
		};
/* End XCBuildConfiguration section */

/* Begin XCConfigurationList section */
		9FFE67E51F78FB1400543239 /* Build configuration list for PBXProject "Sportogram" */ = {
			isa = XCConfigurationList;
			buildConfigurations = (
				9FFE68101F78FB1400543239 /* Debug */,
				9FFE68111F78FB1400543239 /* Release */,
			);
			defaultConfigurationIsVisible = 0;
			defaultConfigurationName = Release;
		};
		9FFE68121F78FB1400543239 /* Build configuration list for PBXNativeTarget "Sportogram" */ = {
			isa = XCConfigurationList;
			buildConfigurations = (
				9FFE68131F78FB1400543239 /* Debug */,
				9FFE68141F78FB1400543239 /* Release */,
			);
			defaultConfigurationIsVisible = 0;
			defaultConfigurationName = Release;
		};
		9FFE68151F78FB1400543239 /* Build configuration list for PBXNativeTarget "SportogramTests" */ = {
			isa = XCConfigurationList;
			buildConfigurations = (
				9FFE68161F78FB1400543239 /* Debug */,
				9FFE68171F78FB1400543239 /* Release */,
			);
			defaultConfigurationIsVisible = 0;
			defaultConfigurationName = Release;
		};
		9FFE68181F78FB1400543239 /* Build configuration list for PBXNativeTarget "SportogramUITests" */ = {
			isa = XCConfigurationList;
			buildConfigurations = (
				9FFE68191F78FB1400543239 /* Debug */,
				9FFE681A1F78FB1400543239 /* Release */,
			);
			defaultConfigurationIsVisible = 0;
			defaultConfigurationName = Release;
		};
/* End XCConfigurationList section */
	};
	rootObject = 9FFE67E21F78FB1400543239 /* Project object */;
}
